// !$*UTF8*$!
{
	archiveVersion = 1;
	classes = {
	};
	objectVersion = 56;
	objects = {

/* Begin PBXBuildFile section */
		68278CE22966A3C000EAF3DF /* Movie.swift in Sources */ = {isa = PBXBuildFile; fileRef = 68278CE12966A3C000EAF3DF /* Movie.swift */; };
		682D75F1296BEB3D00BB3307 /* DefaultMovieRepository.swift in Sources */ = {isa = PBXBuildFile; fileRef = 682D75F0296BEB3D00BB3307 /* DefaultMovieRepository.swift */; };
		682D75F3296BEC1000BB3307 /* RemoteDataSource.swift in Sources */ = {isa = PBXBuildFile; fileRef = 682D75F2296BEC1000BB3307 /* RemoteDataSource.swift */; };
		682D75FB296BF8F800BB3307 /* SearchMoviesResponseDTO.swift in Sources */ = {isa = PBXBuildFile; fileRef = 682D75FA296BF8F800BB3307 /* SearchMoviesResponseDTO.swift */; };
		682D75FD296C023300BB3307 /* ClientError.swift in Sources */ = {isa = PBXBuildFile; fileRef = 682D75FC296C023300BB3307 /* ClientError.swift */; };
		6834F034296570DD0001CE39 /* MovieMovieApp.swift in Sources */ = {isa = PBXBuildFile; fileRef = 6834F033296570DD0001CE39 /* MovieMovieApp.swift */; };
		6834F036296570DD0001CE39 /* ContentView.swift in Sources */ = {isa = PBXBuildFile; fileRef = 6834F035296570DD0001CE39 /* ContentView.swift */; };
		6834F038296570DF0001CE39 /* Assets.xcassets in Resources */ = {isa = PBXBuildFile; fileRef = 6834F037296570DF0001CE39 /* Assets.xcassets */; };
		6834F03B296570DF0001CE39 /* Preview Assets.xcassets in Resources */ = {isa = PBXBuildFile; fileRef = 6834F03A296570DF0001CE39 /* Preview Assets.xcassets */; };
		686F10532967CED2003FCEFD /* SearchMoviesUseCase.swift in Sources */ = {isa = PBXBuildFile; fileRef = 686F10522967CED2003FCEFD /* SearchMoviesUseCase.swift */; };
		686F10552967F54B003FCEFD /* MovieRepository.swift in Sources */ = {isa = PBXBuildFile; fileRef = 686F10542967F54B003FCEFD /* MovieRepository.swift */; };
		686F105829681286003FCEFD /* HttpService.swift in Sources */ = {isa = PBXBuildFile; fileRef = 686F105729681286003FCEFD /* HttpService.swift */; };
/* End PBXBuildFile section */

/* Begin PBXFileReference section */
		68278CE12966A3C000EAF3DF /* Movie.swift */ = {isa = PBXFileReference; lastKnownFileType = sourcecode.swift; path = Movie.swift; sourceTree = "<group>"; };
		682D75F0296BEB3D00BB3307 /* DefaultMovieRepository.swift */ = {isa = PBXFileReference; lastKnownFileType = sourcecode.swift; path = DefaultMovieRepository.swift; sourceTree = "<group>"; };
		682D75F2296BEC1000BB3307 /* RemoteDataSource.swift */ = {isa = PBXFileReference; lastKnownFileType = sourcecode.swift; path = RemoteDataSource.swift; sourceTree = "<group>"; };
		682D75FA296BF8F800BB3307 /* SearchMoviesResponseDTO.swift */ = {isa = PBXFileReference; lastKnownFileType = sourcecode.swift; path = SearchMoviesResponseDTO.swift; sourceTree = "<group>"; };
		682D75FC296C023300BB3307 /* ClientError.swift */ = {isa = PBXFileReference; lastKnownFileType = sourcecode.swift; path = ClientError.swift; sourceTree = "<group>"; };
		6834F030296570DD0001CE39 /* MovieMovie.app */ = {isa = PBXFileReference; explicitFileType = wrapper.application; includeInIndex = 0; path = MovieMovie.app; sourceTree = BUILT_PRODUCTS_DIR; };
		6834F033296570DD0001CE39 /* MovieMovieApp.swift */ = {isa = PBXFileReference; lastKnownFileType = sourcecode.swift; path = MovieMovieApp.swift; sourceTree = "<group>"; };
		6834F035296570DD0001CE39 /* ContentView.swift */ = {isa = PBXFileReference; lastKnownFileType = sourcecode.swift; path = ContentView.swift; sourceTree = "<group>"; };
		6834F037296570DF0001CE39 /* Assets.xcassets */ = {isa = PBXFileReference; lastKnownFileType = folder.assetcatalog; path = Assets.xcassets; sourceTree = "<group>"; };
		6834F03A296570DF0001CE39 /* Preview Assets.xcassets */ = {isa = PBXFileReference; lastKnownFileType = folder.assetcatalog; path = "Preview Assets.xcassets"; sourceTree = "<group>"; };
		686F10522967CED2003FCEFD /* SearchMoviesUseCase.swift */ = {isa = PBXFileReference; lastKnownFileType = sourcecode.swift; path = SearchMoviesUseCase.swift; sourceTree = "<group>"; };
		686F10542967F54B003FCEFD /* MovieRepository.swift */ = {isa = PBXFileReference; lastKnownFileType = sourcecode.swift; path = MovieRepository.swift; sourceTree = "<group>"; };
		686F105729681286003FCEFD /* HttpService.swift */ = {isa = PBXFileReference; lastKnownFileType = sourcecode.swift; path = HttpService.swift; sourceTree = "<group>"; };
/* End PBXFileReference section */

/* Begin PBXFrameworksBuildPhase section */
		6834F02D296570DD0001CE39 /* Frameworks */ = {
			isa = PBXFrameworksBuildPhase;
			buildActionMask = 2147483647;
			files = (
			);
			runOnlyForDeploymentPostprocessing = 0;
		};
/* End PBXFrameworksBuildPhase section */

/* Begin PBXGroup section */
		6834F027296570DD0001CE39 = {
			isa = PBXGroup;
			children = (
				6834F032296570DD0001CE39 /* MovieMovie */,
				6834F031296570DD0001CE39 /* Products */,
			);
			sourceTree = "<group>";
		};
		6834F031296570DD0001CE39 /* Products */ = {
			isa = PBXGroup;
			children = (
				6834F030296570DD0001CE39 /* MovieMovie.app */,
			);
			name = Products;
			sourceTree = "<group>";
		};
		6834F032296570DD0001CE39 /* MovieMovie */ = {
			isa = PBXGroup;
			children = (
				6834F044296573790001CE39 /* Data */,
				6834F0432965736D0001CE39 /* Presentation */,
				6834F042296573450001CE39 /* Domain */,
				6834F041296572A10001CE39 /* Application */,
				6834F037296570DF0001CE39 /* Assets.xcassets */,
				6834F039296570DF0001CE39 /* Preview Content */,
			);
			path = MovieMovie;
			sourceTree = "<group>";
		};
		6834F039296570DF0001CE39 /* Preview Content */ = {
			isa = PBXGroup;
			children = (
				6834F03A296570DF0001CE39 /* Preview Assets.xcassets */,
			);
			path = "Preview Content";
			sourceTree = "<group>";
		};
		6834F041296572A10001CE39 /* Application */ = {
			isa = PBXGroup;
			children = (
				6834F033296570DD0001CE39 /* MovieMovieApp.swift */,
			);
			path = Application;
			sourceTree = "<group>";
		};
		6834F042296573450001CE39 /* Domain */ = {
			isa = PBXGroup;
			children = (
				6834F047296583AF0001CE39 /* Entities */,
				6834F046296574230001CE39 /* UseCases */,
				6834F045296574100001CE39 /* Repositories */,
			);
			path = Domain;
			sourceTree = "<group>";
		};
		6834F0432965736D0001CE39 /* Presentation */ = {
			isa = PBXGroup;
			children = (
				6834F04A296584320001CE39 /* Data */,
				6834F049296583CD0001CE39 /* ViewModels */,
				6834F048296583C30001CE39 /* Views */,
			);
			path = Presentation;
			sourceTree = "<group>";
		};
		6834F044296573790001CE39 /* Data */ = {
			isa = PBXGroup;
			children = (
				686F10562968127A003FCEFD /* Services */,
				6834F04D2965861F0001CE39 /* DataSources */,
				6834F04C296585C30001CE39 /* DTO */,
				6834F04B296585B30001CE39 /* Repositories */,
			);
			path = Data;
			sourceTree = "<group>";
		};
		6834F045296574100001CE39 /* Repositories */ = {
			isa = PBXGroup;
			children = (
				686F10542967F54B003FCEFD /* MovieRepository.swift */,
			);
			path = Repositories;
			sourceTree = "<group>";
		};
		6834F046296574230001CE39 /* UseCases */ = {
			isa = PBXGroup;
			children = (
				686F10522967CED2003FCEFD /* SearchMoviesUseCase.swift */,
			);
			path = UseCases;
			sourceTree = "<group>";
		};
		6834F047296583AF0001CE39 /* Entities */ = {
			isa = PBXGroup;
			children = (
				68278CE12966A3C000EAF3DF /* Movie.swift */,
			);
			path = Entities;
			sourceTree = "<group>";
		};
		6834F048296583C30001CE39 /* Views */ = {
			isa = PBXGroup;
			children = (
				6834F035296570DD0001CE39 /* ContentView.swift */,
			);
			path = Views;
			sourceTree = "<group>";
		};
		6834F049296583CD0001CE39 /* ViewModels */ = {
			isa = PBXGroup;
			children = (
			);
			path = ViewModels;
			sourceTree = "<group>";
		};
		6834F04A296584320001CE39 /* Data */ = {
			isa = PBXGroup;
			children = (
			);
			path = Data;
			sourceTree = "<group>";
		};
		6834F04B296585B30001CE39 /* Repositories */ = {
			isa = PBXGroup;
			children = (
				682D75F0296BEB3D00BB3307 /* DefaultMovieRepository.swift */,
				682D75FC296C023300BB3307 /* ClientError.swift */,
			);
			path = Repositories;
			sourceTree = "<group>";
		};
		6834F04C296585C30001CE39 /* DTO */ = {
			isa = PBXGroup;
			children = (
				682D75FA296BF8F800BB3307 /* SearchMoviesResponseDTO.swift */,
			);
			path = DTO;
			sourceTree = "<group>";
		};
		6834F04D2965861F0001CE39 /* DataSources */ = {
			isa = PBXGroup;
			children = (
				682D75F2296BEC1000BB3307 /* RemoteDataSource.swift */,
			);
			path = DataSources;
			sourceTree = "<group>";
		};
		686F10562968127A003FCEFD /* Services */ = {
			isa = PBXGroup;
			children = (
				686F105729681286003FCEFD /* HttpService.swift */,
			);
			path = Services;
			sourceTree = "<group>";
		};
/* End PBXGroup section */

/* Begin PBXNativeTarget section */
		6834F02F296570DD0001CE39 /* MovieMovie */ = {
			isa = PBXNativeTarget;
			buildConfigurationList = 6834F03E296570DF0001CE39 /* Build configuration list for PBXNativeTarget "MovieMovie" */;
			buildPhases = (
				6834F02C296570DD0001CE39 /* Sources */,
				6834F02D296570DD0001CE39 /* Frameworks */,
				6834F02E296570DD0001CE39 /* Resources */,
			);
			buildRules = (
			);
			dependencies = (
			);
			name = MovieMovie;
			productName = MovieMovie;
			productReference = 6834F030296570DD0001CE39 /* MovieMovie.app */;
			productType = "com.apple.product-type.application";
		};
/* End PBXNativeTarget section */

/* Begin PBXProject section */
		6834F028296570DD0001CE39 /* Project object */ = {
			isa = PBXProject;
			attributes = {
				BuildIndependentTargetsInParallel = 1;
				LastSwiftUpdateCheck = 1400;
				LastUpgradeCheck = 1400;
				TargetAttributes = {
					6834F02F296570DD0001CE39 = {
						CreatedOnToolsVersion = 14.0;
					};
				};
			};
			buildConfigurationList = 6834F02B296570DD0001CE39 /* Build configuration list for PBXProject "MovieMovie" */;
			compatibilityVersion = "Xcode 14.0";
			developmentRegion = en;
			hasScannedForEncodings = 0;
			knownRegions = (
				en,
				Base,
			);
			mainGroup = 6834F027296570DD0001CE39;
			productRefGroup = 6834F031296570DD0001CE39 /* Products */;
			projectDirPath = "";
			projectRoot = "";
			targets = (
				6834F02F296570DD0001CE39 /* MovieMovie */,
			);
		};
/* End PBXProject section */

/* Begin PBXResourcesBuildPhase section */
		6834F02E296570DD0001CE39 /* Resources */ = {
			isa = PBXResourcesBuildPhase;
			buildActionMask = 2147483647;
			files = (
				6834F03B296570DF0001CE39 /* Preview Assets.xcassets in Resources */,
				6834F038296570DF0001CE39 /* Assets.xcassets in Resources */,
			);
			runOnlyForDeploymentPostprocessing = 0;
		};
/* End PBXResourcesBuildPhase section */

/* Begin PBXSourcesBuildPhase section */
		6834F02C296570DD0001CE39 /* Sources */ = {
			isa = PBXSourcesBuildPhase;
			buildActionMask = 2147483647;
			files = (
				682D75F3296BEC1000BB3307 /* RemoteDataSource.swift in Sources */,
				6834F036296570DD0001CE39 /* ContentView.swift in Sources */,
				682D75F1296BEB3D00BB3307 /* DefaultMovieRepository.swift in Sources */,
				686F10532967CED2003FCEFD /* SearchMoviesUseCase.swift in Sources */,
				6834F034296570DD0001CE39 /* MovieMovieApp.swift in Sources */,
				682D75FD296C023300BB3307 /* ClientError.swift in Sources */,
				686F10552967F54B003FCEFD /* MovieRepository.swift in Sources */,
				686F105829681286003FCEFD /* HttpService.swift in Sources */,
				68278CE22966A3C000EAF3DF /* Movie.swift in Sources */,
				682D75FB296BF8F800BB3307 /* SearchMoviesResponseDTO.swift in Sources */,
			);
			runOnlyForDeploymentPostprocessing = 0;
		};
/* End PBXSourcesBuildPhase section */

/* Begin XCBuildConfiguration section */
		6834F03C296570DF0001CE39 /* Debug */ = {
			isa = XCBuildConfiguration;
			buildSettings = {
				ALWAYS_SEARCH_USER_PATHS = NO;
				CLANG_ANALYZER_NONNULL = YES;
				CLANG_ANALYZER_NUMBER_OBJECT_CONVERSION = YES_AGGRESSIVE;
				CLANG_CXX_LANGUAGE_STANDARD = "gnu++20";
				CLANG_ENABLE_MODULES = YES;
				CLANG_ENABLE_OBJC_ARC = YES;
				CLANG_ENABLE_OBJC_WEAK = YES;
				CLANG_WARN_BLOCK_CAPTURE_AUTORELEASING = YES;
				CLANG_WARN_BOOL_CONVERSION = YES;
				CLANG_WARN_COMMA = YES;
				CLANG_WARN_CONSTANT_CONVERSION = YES;
				CLANG_WARN_DEPRECATED_OBJC_IMPLEMENTATIONS = YES;
				CLANG_WARN_DIRECT_OBJC_ISA_USAGE = YES_ERROR;
				CLANG_WARN_DOCUMENTATION_COMMENTS = YES;
				CLANG_WARN_EMPTY_BODY = YES;
				CLANG_WARN_ENUM_CONVERSION = YES;
				CLANG_WARN_INFINITE_RECURSION = YES;
				CLANG_WARN_INT_CONVERSION = YES;
				CLANG_WARN_NON_LITERAL_NULL_CONVERSION = YES;
				CLANG_WARN_OBJC_IMPLICIT_RETAIN_SELF = YES;
				CLANG_WARN_OBJC_LITERAL_CONVERSION = YES;
				CLANG_WARN_OBJC_ROOT_CLASS = YES_ERROR;
				CLANG_WARN_QUOTED_INCLUDE_IN_FRAMEWORK_HEADER = YES;
				CLANG_WARN_RANGE_LOOP_ANALYSIS = YES;
				CLANG_WARN_STRICT_PROTOTYPES = YES;
				CLANG_WARN_SUSPICIOUS_MOVE = YES;
				CLANG_WARN_UNGUARDED_AVAILABILITY = YES_AGGRESSIVE;
				CLANG_WARN_UNREACHABLE_CODE = YES;
				CLANG_WARN__DUPLICATE_METHOD_MATCH = YES;
				COPY_PHASE_STRIP = NO;
				DEBUG_INFORMATION_FORMAT = dwarf;
				ENABLE_STRICT_OBJC_MSGSEND = YES;
				ENABLE_TESTABILITY = YES;
				GCC_C_LANGUAGE_STANDARD = gnu11;
				GCC_DYNAMIC_NO_PIC = NO;
				GCC_NO_COMMON_BLOCKS = YES;
				GCC_OPTIMIZATION_LEVEL = 0;
				GCC_PREPROCESSOR_DEFINITIONS = (
					"DEBUG=1",
					"$(inherited)",
				);
				GCC_WARN_64_TO_32_BIT_CONVERSION = YES;
				GCC_WARN_ABOUT_RETURN_TYPE = YES_ERROR;
				GCC_WARN_UNDECLARED_SELECTOR = YES;
				GCC_WARN_UNINITIALIZED_AUTOS = YES_AGGRESSIVE;
				GCC_WARN_UNUSED_FUNCTION = YES;
				GCC_WARN_UNUSED_VARIABLE = YES;
				IPHONEOS_DEPLOYMENT_TARGET = 16.0;
				MTL_ENABLE_DEBUG_INFO = INCLUDE_SOURCE;
				MTL_FAST_MATH = YES;
				ONLY_ACTIVE_ARCH = YES;
				SDKROOT = iphoneos;
				SWIFT_ACTIVE_COMPILATION_CONDITIONS = DEBUG;
				SWIFT_OPTIMIZATION_LEVEL = "-Onone";
			};
			name = Debug;
		};
		6834F03D296570DF0001CE39 /* Release */ = {
			isa = XCBuildConfiguration;
			buildSettings = {
				ALWAYS_SEARCH_USER_PATHS = NO;
				CLANG_ANALYZER_NONNULL = YES;
				CLANG_ANALYZER_NUMBER_OBJECT_CONVERSION = YES_AGGRESSIVE;
				CLANG_CXX_LANGUAGE_STANDARD = "gnu++20";
				CLANG_ENABLE_MODULES = YES;
				CLANG_ENABLE_OBJC_ARC = YES;
				CLANG_ENABLE_OBJC_WEAK = YES;
				CLANG_WARN_BLOCK_CAPTURE_AUTORELEASING = YES;
				CLANG_WARN_BOOL_CONVERSION = YES;
				CLANG_WARN_COMMA = YES;
				CLANG_WARN_CONSTANT_CONVERSION = YES;
				CLANG_WARN_DEPRECATED_OBJC_IMPLEMENTATIONS = YES;
				CLANG_WARN_DIRECT_OBJC_ISA_USAGE = YES_ERROR;
				CLANG_WARN_DOCUMENTATION_COMMENTS = YES;
				CLANG_WARN_EMPTY_BODY = YES;
				CLANG_WARN_ENUM_CONVERSION = YES;
				CLANG_WARN_INFINITE_RECURSION = YES;
				CLANG_WARN_INT_CONVERSION = YES;
				CLANG_WARN_NON_LITERAL_NULL_CONVERSION = YES;
				CLANG_WARN_OBJC_IMPLICIT_RETAIN_SELF = YES;
				CLANG_WARN_OBJC_LITERAL_CONVERSION = YES;
				CLANG_WARN_OBJC_ROOT_CLASS = YES_ERROR;
				CLANG_WARN_QUOTED_INCLUDE_IN_FRAMEWORK_HEADER = YES;
				CLANG_WARN_RANGE_LOOP_ANALYSIS = YES;
				CLANG_WARN_STRICT_PROTOTYPES = YES;
				CLANG_WARN_SUSPICIOUS_MOVE = YES;
				CLANG_WARN_UNGUARDED_AVAILABILITY = YES_AGGRESSIVE;
				CLANG_WARN_UNREACHABLE_CODE = YES;
				CLANG_WARN__DUPLICATE_METHOD_MATCH = YES;
				COPY_PHASE_STRIP = NO;
				DEBUG_INFORMATION_FORMAT = "dwarf-with-dsym";
				ENABLE_NS_ASSERTIONS = NO;
				ENABLE_STRICT_OBJC_MSGSEND = YES;
				GCC_C_LANGUAGE_STANDARD = gnu11;
				GCC_NO_COMMON_BLOCKS = YES;
				GCC_WARN_64_TO_32_BIT_CONVERSION = YES;
				GCC_WARN_ABOUT_RETURN_TYPE = YES_ERROR;
				GCC_WARN_UNDECLARED_SELECTOR = YES;
				GCC_WARN_UNINITIALIZED_AUTOS = YES_AGGRESSIVE;
				GCC_WARN_UNUSED_FUNCTION = YES;
				GCC_WARN_UNUSED_VARIABLE = YES;
				IPHONEOS_DEPLOYMENT_TARGET = 16.0;
				MTL_ENABLE_DEBUG_INFO = NO;
				MTL_FAST_MATH = YES;
				SDKROOT = iphoneos;
				SWIFT_COMPILATION_MODE = wholemodule;
				SWIFT_OPTIMIZATION_LEVEL = "-O";
				VALIDATE_PRODUCT = YES;
			};
			name = Release;
		};
		6834F03F296570DF0001CE39 /* Debug */ = {
			isa = XCBuildConfiguration;
			buildSettings = {
				ASSETCATALOG_COMPILER_APPICON_NAME = AppIcon;
				ASSETCATALOG_COMPILER_GLOBAL_ACCENT_COLOR_NAME = AccentColor;
				CODE_SIGN_STYLE = Automatic;
				CURRENT_PROJECT_VERSION = 1;
				DEVELOPMENT_ASSET_PATHS = "\"MovieMovie/Preview Content\"";
				DEVELOPMENT_TEAM = 5F6YMLHCZC;
				ENABLE_PREVIEWS = YES;
				GENERATE_INFOPLIST_FILE = YES;
				INFOPLIST_KEY_UIApplicationSceneManifest_Generation = YES;
				INFOPLIST_KEY_UIApplicationSupportsIndirectInputEvents = YES;
				INFOPLIST_KEY_UILaunchScreen_Generation = YES;
				INFOPLIST_KEY_UISupportedInterfaceOrientations_iPad = "UIInterfaceOrientationPortrait UIInterfaceOrientationPortraitUpsideDown UIInterfaceOrientationLandscapeLeft UIInterfaceOrientationLandscapeRight";
				INFOPLIST_KEY_UISupportedInterfaceOrientations_iPhone = "UIInterfaceOrientationPortrait UIInterfaceOrientationLandscapeLeft UIInterfaceOrientationLandscapeRight";
				LD_RUNPATH_SEARCH_PATHS = (
					"$(inherited)",
					"@executable_path/Frameworks",
				);
				MARKETING_VERSION = 1.0;
				PRODUCT_BUNDLE_IDENTIFIER = seunggom.MovieMovie;
				PRODUCT_NAME = "$(TARGET_NAME)";
				SWIFT_EMIT_LOC_STRINGS = YES;
				SWIFT_VERSION = 5.0;
				TARGETED_DEVICE_FAMILY = "1,2";
			};
			name = Debug;
		};
		6834F040296570DF0001CE39 /* Release */ = {
			isa = XCBuildConfiguration;
			buildSettings = {
				ASSETCATALOG_COMPILER_APPICON_NAME = AppIcon;
				ASSETCATALOG_COMPILER_GLOBAL_ACCENT_COLOR_NAME = AccentColor;
				CODE_SIGN_STYLE = Automatic;
				CURRENT_PROJECT_VERSION = 1;
				DEVELOPMENT_ASSET_PATHS = "\"MovieMovie/Preview Content\"";
				DEVELOPMENT_TEAM = 5F6YMLHCZC;
				ENABLE_PREVIEWS = YES;
				GENERATE_INFOPLIST_FILE = YES;
				INFOPLIST_KEY_UIApplicationSceneManifest_Generation = YES;
				INFOPLIST_KEY_UIApplicationSupportsIndirectInputEvents = YES;
				INFOPLIST_KEY_UILaunchScreen_Generation = YES;
				INFOPLIST_KEY_UISupportedInterfaceOrientations_iPad = "UIInterfaceOrientationPortrait UIInterfaceOrientationPortraitUpsideDown UIInterfaceOrientationLandscapeLeft UIInterfaceOrientationLandscapeRight";
				INFOPLIST_KEY_UISupportedInterfaceOrientations_iPhone = "UIInterfaceOrientationPortrait UIInterfaceOrientationLandscapeLeft UIInterfaceOrientationLandscapeRight";
				LD_RUNPATH_SEARCH_PATHS = (
					"$(inherited)",
					"@executable_path/Frameworks",
				);
				MARKETING_VERSION = 1.0;
				PRODUCT_BUNDLE_IDENTIFIER = seunggom.MovieMovie;
				PRODUCT_NAME = "$(TARGET_NAME)";
				SWIFT_EMIT_LOC_STRINGS = YES;
				SWIFT_VERSION = 5.0;
				TARGETED_DEVICE_FAMILY = "1,2";
			};
			name = Release;
		};
/* End XCBuildConfiguration section */

/* Begin XCConfigurationList section */
		6834F02B296570DD0001CE39 /* Build configuration list for PBXProject "MovieMovie" */ = {
			isa = XCConfigurationList;
			buildConfigurations = (
				6834F03C296570DF0001CE39 /* Debug */,
				6834F03D296570DF0001CE39 /* Release */,
			);
			defaultConfigurationIsVisible = 0;
			defaultConfigurationName = Release;
		};
		6834F03E296570DF0001CE39 /* Build configuration list for PBXNativeTarget "MovieMovie" */ = {
			isa = XCConfigurationList;
			buildConfigurations = (
				6834F03F296570DF0001CE39 /* Debug */,
				6834F040296570DF0001CE39 /* Release */,
			);
			defaultConfigurationIsVisible = 0;
			defaultConfigurationName = Release;
		};
/* End XCConfigurationList section */
	};
	rootObject = 6834F028296570DD0001CE39 /* Project object */;
}
